<?xml version="1.0" encoding="utf-8"?>
<Project ToolsVersion="4.0" xmlns="http://schemas.microsoft.com/developer/msbuild/2003">
  <ItemGroup>
    <Filter Include="소스 파일">
      <UniqueIdentifier>{4FC737F1-C7A5-4376-A066-2A32D752A2FF}</UniqueIdentifier>
      <Extensions>cpp;c;cc;cxx;c++;cppm;ixx;def;odl;idl;hpj;bat;asm;asmx</Extensions>
    </Filter>
    <Filter Include="리소스 파일">
      <UniqueIdentifier>{67DA6AB6-F800-4c08-8B7A-83BB121AAD01}</UniqueIdentifier>
      <Extensions>rc;ico;cur;bmp;dlg;rc2;rct;bin;rgs;gif;jpg;jpeg;jpe;resx;tiff;tif;png;wav;mfcribbon-ms</Extensions>
    </Filter>
    <Filter Include="소스 파일\1. 기본">
      <UniqueIdentifier>{c6c8eff0-0fa7-4cea-8646-817a4badbaee}</UniqueIdentifier>
    </Filter>
    <Filter Include="소스 파일\2. Player">
      <UniqueIdentifier>{3f5936dc-eaf9-402b-890b-f21591386397}</UniqueIdentifier>
    </Filter>
    <Filter Include="소스 파일\4. Item">
      <UniqueIdentifier>{a02e787d-a587-435f-b2ad-d91586515f67}</UniqueIdentifier>
    </Filter>
    <Filter Include="소스 파일\3. GameManger">
      <UniqueIdentifier>{1c9d86cd-eeb5-4e7d-aaa7-9b80290dc19f}</UniqueIdentifier>
    </Filter>
    <Filter Include="소스 파일\5. 기타">
      <UniqueIdentifier>{ba3b6829-b066-4da3-a391-9ce2f3352249}</UniqueIdentifier>
    </Filter>
    <Filter Include="소스 파일\6. 맵">
      <UniqueIdentifier>{3a6fd350-3689-41c4-9a7c-3139956c5bce}</UniqueIdentifier>
    </Filter>
  </ItemGroup>
  <ItemGroup>
    <ClInclude Include="framework.h">
      <Filter>소스 파일\1. 기본</Filter>
    </ClInclude>
    <ClInclude Include="Resource.h">
      <Filter>소스 파일\1. 기본</Filter>
    </ClInclude>
    <ClInclude Include="targetver.h">
      <Filter>소스 파일\1. 기본</Filter>
    </ClInclude>
    <ClInclude Include="StardewValley_API.h">
      <Filter>소스 파일\1. 기본</Filter>
    </ClInclude>
    <ClInclude Include="Player.h">
      <Filter>소스 파일\2. Player</Filter>
    </ClInclude>
    <ClInclude Include="GameCenter.h">
      <Filter>소스 파일\3. GameManger</Filter>
    </ClInclude>
    <ClInclude Include="Item.h">
      <Filter>소스 파일\4. Item</Filter>
    </ClInclude>
    <ClInclude Include="Define.h">
      <Filter>소스 파일\5. 기타</Filter>
    </ClInclude>
    <ClInclude Include="Struct.h">
      <Filter>소스 파일\2. Player</Filter>
    </ClInclude>
    <ClInclude Include="Tilemap.h">
      <Filter>소스 파일\6. 맵</Filter>
    </ClInclude>
    <ClInclude Include="Timer.h">
      <Filter>소스 파일\2. Player</Filter>
    </ClInclude>
    <ClInclude Include="Tile.h">
      <Filter>소스 파일\6. 맵</Filter>
    </ClInclude>
  </ItemGroup>
  <ItemGroup>
    <ClCompile Include="Player.cpp">
      <Filter>소스 파일\2. Player</Filter>
    </ClCompile>
    <ClCompile Include="GameCenter.cpp">
      <Filter>소스 파일\3. GameManger</Filter>
    </ClCompile>
    <ClCompile Include="Item.cpp">
      <Filter>소스 파일\4. Item</Filter>
    </ClCompile>
    <ClCompile Include="Define.cpp">
      <Filter>소스 파일\5. 기타</Filter>
    </ClCompile>
    <ClCompile Include="StardewValley_API.cpp">
      <Filter>소스 파일\5. 기타</Filter>
    </ClCompile>
    <ClCompile Include="Tilemap.cpp">
      <Filter>소스 파일\6. 맵</Filter>
    </ClCompile>
    <ClCompile Include="Timer.cpp">
      <Filter>소스 파일\2. Player</Filter>
    </ClCompile>
    <ClCompile Include="Tile.cpp">
      <Filter>소스 파일\6. 맵</Filter>
    </ClCompile>
  </ItemGroup>
  <ItemGroup>
    <ResourceCompile Include="StardewValley_API.rc">
      <Filter>리소스 파일</Filter>
    </ResourceCompile>
  </ItemGroup>
  <ItemGroup>
    <Image Include="small.ico">
      <Filter>리소스 파일</Filter>
    </Image>
    <Image Include="StardewValley_API.ico">
      <Filter>리소스 파일</Filter>
    </Image>
  </ItemGroup>
</Project>